
Microsoft Visual Studio Solution File, Format Version 12.00
# Visual Studio Version 17
VisualStudioVersion = 17.14.36203.30 d17.14
MinimumVisualStudioVersion = 10.0.40219.1
Project("{FAE04EC0-301F-11D3-BF4B-00C04F79EFBC}") = "Task-Management-Oritso-Assignment", "Task-Management-Oritso-Assignment.csproj", "{A79305D0-5A52-49DC-995F-A3707A0415A8}"
EndProject
Global
	GlobalSection(SolutionConfigurationPlatforms) = preSolution
		Debug|Any CPU = Debug|Any CPU
		Release|Any CPU = Release|Any CPU
	EndGlobalSection
	GlobalSection(ProjectConfigurationPlatforms) = postSolution
		{A79305D0-5A52-49DC-995F-A3707A0415A8}.Debug|Any CPU.ActiveCfg = Debug|Any CPU
		{A79305D0-5A52-49DC-995F-A3707A0415A8}.Debug|Any CPU.Build.0 = Debug|Any CPU
		{A79305D0-5A52-49DC-995F-A3707A0415A8}.Release|Any CPU.ActiveCfg = Release|Any CPU
		{A79305D0-5A52-49DC-995F-A3707A0415A8}.Release|Any CPU.Build.0 = Release|Any CPU
	EndGlobalSection
	GlobalSection(SolutionProperties) = preSolution
		HideSolutionNode = FALSE
	EndGlobalSection
	GlobalSection(ExtensibilityGlobals) = postSolution
		SolutionGuid = {271D969C-FC99-4A7B-9712-BFCF664E57D2}
	EndGlobalSection
EndGlobal
